// !$*UTF8*$!
{
	archiveVersion = 1;
	classes = {
	};
	objectVersion = 56;
	objects = {

/* Begin PBXBuildFile section */
		711B04872B5B43FD004BFD22 /* Dots_365App.swift in Sources */ = {isa = PBXBuildFile; fileRef = 711B04862B5B43FD004BFD22 /* Dots_365App.swift */; };
		711B04892B5B43FD004BFD22 /* ContentView.swift in Sources */ = {isa = PBXBuildFile; fileRef = 711B04882B5B43FD004BFD22 /* ContentView.swift */; };
		711B048B2B5B43FE004BFD22 /* Assets.xcassets in Resources */ = {isa = PBXBuildFile; fileRef = 711B048A2B5B43FE004BFD22 /* Assets.xcassets */; };
		711B048E2B5B43FE004BFD22 /* Preview Assets.xcassets in Resources */ = {isa = PBXBuildFile; fileRef = 711B048D2B5B43FE004BFD22 /* Preview Assets.xcassets */; };
		711B049B2B5B4839004BFD22 /* WidgetKit.framework in Frameworks */ = {isa = PBXBuildFile; fileRef = 711B049A2B5B4839004BFD22 /* WidgetKit.framework */; };
		711B049D2B5B4839004BFD22 /* SwiftUI.framework in Frameworks */ = {isa = PBXBuildFile; fileRef = 711B049C2B5B4839004BFD22 /* SwiftUI.framework */; };
		711B04A02B5B4839004BFD22 /* Dots_365_WidgetBundle.swift in Sources */ = {isa = PBXBuildFile; fileRef = 711B049F2B5B4839004BFD22 /* Dots_365_WidgetBundle.swift */; };
		711B04A42B5B4839004BFD22 /* Dots_365_Widget.swift in Sources */ = {isa = PBXBuildFile; fileRef = 711B04A32B5B4839004BFD22 /* Dots_365_Widget.swift */; };
		711B04A62B5B4839004BFD22 /* AppIntent.swift in Sources */ = {isa = PBXBuildFile; fileRef = 711B04A52B5B4839004BFD22 /* AppIntent.swift */; };
		711B04A82B5B483A004BFD22 /* Assets.xcassets in Resources */ = {isa = PBXBuildFile; fileRef = 711B04A72B5B483A004BFD22 /* Assets.xcassets */; };
		711B04AC2B5B483A004BFD22 /* Dots 365 WidgetExtension.appex in Embed Foundation Extensions */ = {isa = PBXBuildFile; fileRef = 711B04982B5B4839004BFD22 /* Dots 365 WidgetExtension.appex */; settings = {ATTRIBUTES = (RemoveHeadersOnCopy, ); }; };
		711B04B22B5B6418004BFD22 /* Calendar.swift in Sources */ = {isa = PBXBuildFile; fileRef = 711B04B12B5B6418004BFD22 /* Calendar.swift */; };
		711B04B32B5B6418004BFD22 /* Calendar.swift in Sources */ = {isa = PBXBuildFile; fileRef = 711B04B12B5B6418004BFD22 /* Calendar.swift */; };
/* End PBXBuildFile section */

/* Begin PBXContainerItemProxy section */
		711B04AA2B5B483A004BFD22 /* PBXContainerItemProxy */ = {
			isa = PBXContainerItemProxy;
			containerPortal = 711B047B2B5B43FD004BFD22 /* Project object */;
			proxyType = 1;
			remoteGlobalIDString = 711B04972B5B4839004BFD22;
			remoteInfo = "Dots 365 WidgetExtension";
		};
/* End PBXContainerItemProxy section */

/* Begin PBXCopyFilesBuildPhase section */
		711B04B02B5B483B004BFD22 /* Embed Foundation Extensions */ = {
			isa = PBXCopyFilesBuildPhase;
			buildActionMask = 2147483647;
			dstPath = "";
			dstSubfolderSpec = 13;
			files = (
				711B04AC2B5B483A004BFD22 /* Dots 365 WidgetExtension.appex in Embed Foundation Extensions */,
			);
			name = "Embed Foundation Extensions";
			runOnlyForDeploymentPostprocessing = 0;
		};
/* End PBXCopyFilesBuildPhase section */

/* Begin PBXFileReference section */
		711B04832B5B43FD004BFD22 /* Dots 365.app */ = {isa = PBXFileReference; explicitFileType = wrapper.application; includeInIndex = 0; path = "Dots 365.app"; sourceTree = BUILT_PRODUCTS_DIR; };
		711B04862B5B43FD004BFD22 /* Dots_365App.swift */ = {isa = PBXFileReference; lastKnownFileType = sourcecode.swift; path = Dots_365App.swift; sourceTree = "<group>"; };
		711B04882B5B43FD004BFD22 /* ContentView.swift */ = {isa = PBXFileReference; lastKnownFileType = sourcecode.swift; path = ContentView.swift; sourceTree = "<group>"; };
		711B048A2B5B43FE004BFD22 /* Assets.xcassets */ = {isa = PBXFileReference; lastKnownFileType = folder.assetcatalog; path = Assets.xcassets; sourceTree = "<group>"; };
		711B048D2B5B43FE004BFD22 /* Preview Assets.xcassets */ = {isa = PBXFileReference; lastKnownFileType = folder.assetcatalog; path = "Preview Assets.xcassets"; sourceTree = "<group>"; };
		711B04982B5B4839004BFD22 /* Dots 365 WidgetExtension.appex */ = {isa = PBXFileReference; explicitFileType = "wrapper.app-extension"; includeInIndex = 0; path = "Dots 365 WidgetExtension.appex"; sourceTree = BUILT_PRODUCTS_DIR; };
		711B049A2B5B4839004BFD22 /* WidgetKit.framework */ = {isa = PBXFileReference; lastKnownFileType = wrapper.framework; name = WidgetKit.framework; path = System/Library/Frameworks/WidgetKit.framework; sourceTree = SDKROOT; };
		711B049C2B5B4839004BFD22 /* SwiftUI.framework */ = {isa = PBXFileReference; lastKnownFileType = wrapper.framework; name = SwiftUI.framework; path = System/Library/Frameworks/SwiftUI.framework; sourceTree = SDKROOT; };
		711B049F2B5B4839004BFD22 /* Dots_365_WidgetBundle.swift */ = {isa = PBXFileReference; lastKnownFileType = sourcecode.swift; path = Dots_365_WidgetBundle.swift; sourceTree = "<group>"; };
		711B04A32B5B4839004BFD22 /* Dots_365_Widget.swift */ = {isa = PBXFileReference; lastKnownFileType = sourcecode.swift; path = Dots_365_Widget.swift; sourceTree = "<group>"; };
		711B04A52B5B4839004BFD22 /* AppIntent.swift */ = {isa = PBXFileReference; lastKnownFileType = sourcecode.swift; path = AppIntent.swift; sourceTree = "<group>"; };
		711B04A72B5B483A004BFD22 /* Assets.xcassets */ = {isa = PBXFileReference; lastKnownFileType = folder.assetcatalog; path = Assets.xcassets; sourceTree = "<group>"; };
		711B04A92B5B483A004BFD22 /* Info.plist */ = {isa = PBXFileReference; lastKnownFileType = text.plist.xml; path = Info.plist; sourceTree = "<group>"; };
		711B04B12B5B6418004BFD22 /* Calendar.swift */ = {isa = PBXFileReference; lastKnownFileType = sourcecode.swift; path = Calendar.swift; sourceTree = "<group>"; };
/* End PBXFileReference section */

/* Begin PBXFrameworksBuildPhase section */
		711B04802B5B43FD004BFD22 /* Frameworks */ = {
			isa = PBXFrameworksBuildPhase;
			buildActionMask = 2147483647;
			files = (
			);
			runOnlyForDeploymentPostprocessing = 0;
		};
		711B04952B5B4839004BFD22 /* Frameworks */ = {
			isa = PBXFrameworksBuildPhase;
			buildActionMask = 2147483647;
			files = (
				711B049D2B5B4839004BFD22 /* SwiftUI.framework in Frameworks */,
				711B049B2B5B4839004BFD22 /* WidgetKit.framework in Frameworks */,
			);
			runOnlyForDeploymentPostprocessing = 0;
		};
/* End PBXFrameworksBuildPhase section */

/* Begin PBXGroup section */
		711B047A2B5B43FD004BFD22 = {
			isa = PBXGroup;
			children = (
				711B04852B5B43FD004BFD22 /* Dots 365 */,
				711B049E2B5B4839004BFD22 /* Dots 365 Widget */,
				711B04992B5B4839004BFD22 /* Frameworks */,
				711B04842B5B43FD004BFD22 /* Products */,
			);
			sourceTree = "<group>";
		};
		711B04842B5B43FD004BFD22 /* Products */ = {
			isa = PBXGroup;
			children = (
				711B04832B5B43FD004BFD22 /* Dots 365.app */,
				711B04982B5B4839004BFD22 /* Dots 365 WidgetExtension.appex */,
			);
			name = Products;
			sourceTree = "<group>";
		};
		711B04852B5B43FD004BFD22 /* Dots 365 */ = {
			isa = PBXGroup;
			children = (
				711B04862B5B43FD004BFD22 /* Dots_365App.swift */,
				711B04882B5B43FD004BFD22 /* ContentView.swift */,
				711B048A2B5B43FE004BFD22 /* Assets.xcassets */,
				711B048C2B5B43FE004BFD22 /* Preview Content */,
			);
			path = "Dots 365";
			sourceTree = "<group>";
		};
		711B048C2B5B43FE004BFD22 /* Preview Content */ = {
			isa = PBXGroup;
			children = (
				711B048D2B5B43FE004BFD22 /* Preview Assets.xcassets */,
			);
			path = "Preview Content";
			sourceTree = "<group>";
		};
		711B04992B5B4839004BFD22 /* Frameworks */ = {
			isa = PBXGroup;
			children = (
				711B049A2B5B4839004BFD22 /* WidgetKit.framework */,
				711B049C2B5B4839004BFD22 /* SwiftUI.framework */,
			);
			name = Frameworks;
			sourceTree = "<group>";
		};
		711B049E2B5B4839004BFD22 /* Dots 365 Widget */ = {
			isa = PBXGroup;
			children = (
				711B049F2B5B4839004BFD22 /* Dots_365_WidgetBundle.swift */,
				711B04A32B5B4839004BFD22 /* Dots_365_Widget.swift */,
				711B04B12B5B6418004BFD22 /* Calendar.swift */,
				711B04A52B5B4839004BFD22 /* AppIntent.swift */,
				711B04A72B5B483A004BFD22 /* Assets.xcassets */,
				711B04A92B5B483A004BFD22 /* Info.plist */,
			);
			path = "Dots 365 Widget";
			sourceTree = "<group>";
		};
/* End PBXGroup section */

/* Begin PBXNativeTarget section */
		711B04822B5B43FD004BFD22 /* Dots 365 */ = {
			isa = PBXNativeTarget;
			buildConfigurationList = 711B04912B5B43FE004BFD22 /* Build configuration list for PBXNativeTarget "Dots 365" */;
			buildPhases = (
				711B047F2B5B43FD004BFD22 /* Sources */,
				711B04802B5B43FD004BFD22 /* Frameworks */,
				711B04812B5B43FD004BFD22 /* Resources */,
				711B04B02B5B483B004BFD22 /* Embed Foundation Extensions */,
			);
			buildRules = (
			);
			dependencies = (
				711B04AB2B5B483A004BFD22 /* PBXTargetDependency */,
			);
			name = "Dots 365";
			productName = "Dots 365";
			productReference = 711B04832B5B43FD004BFD22 /* Dots 365.app */;
			productType = "com.apple.product-type.application";
		};
		711B04972B5B4839004BFD22 /* Dots 365 WidgetExtension */ = {
			isa = PBXNativeTarget;
			buildConfigurationList = 711B04AD2B5B483B004BFD22 /* Build configuration list for PBXNativeTarget "Dots 365 WidgetExtension" */;
			buildPhases = (
				711B04942B5B4839004BFD22 /* Sources */,
				711B04952B5B4839004BFD22 /* Frameworks */,
				711B04962B5B4839004BFD22 /* Resources */,
			);
			buildRules = (
			);
			dependencies = (
			);
			name = "Dots 365 WidgetExtension";
			productName = "Dots 365 WidgetExtension";
			productReference = 711B04982B5B4839004BFD22 /* Dots 365 WidgetExtension.appex */;
			productType = "com.apple.product-type.app-extension";
		};
/* End PBXNativeTarget section */

/* Begin PBXProject section */
		711B047B2B5B43FD004BFD22 /* Project object */ = {
			isa = PBXProject;
			attributes = {
				BuildIndependentTargetsInParallel = 1;
				LastSwiftUpdateCheck = 1520;
				LastUpgradeCheck = 1520;
				TargetAttributes = {
					711B04822B5B43FD004BFD22 = {
						CreatedOnToolsVersion = 15.2;
					};
					711B04972B5B4839004BFD22 = {
						CreatedOnToolsVersion = 15.2;
					};
				};
			};
			buildConfigurationList = 711B047E2B5B43FD004BFD22 /* Build configuration list for PBXProject "Dots 365" */;
			compatibilityVersion = "Xcode 14.0";
			developmentRegion = en;
			hasScannedForEncodings = 0;
			knownRegions = (
				en,
				Base,
			);
			mainGroup = 711B047A2B5B43FD004BFD22;
			productRefGroup = 711B04842B5B43FD004BFD22 /* Products */;
			projectDirPath = "";
			projectRoot = "";
			targets = (
				711B04822B5B43FD004BFD22 /* Dots 365 */,
				711B04972B5B4839004BFD22 /* Dots 365 WidgetExtension */,
			);
		};
/* End PBXProject section */

/* Begin PBXResourcesBuildPhase section */
		711B04812B5B43FD004BFD22 /* Resources */ = {
			isa = PBXResourcesBuildPhase;
			buildActionMask = 2147483647;
			files = (
				711B048E2B5B43FE004BFD22 /* Preview Assets.xcassets in Resources */,
				711B048B2B5B43FE004BFD22 /* Assets.xcassets in Resources */,
			);
			runOnlyForDeploymentPostprocessing = 0;
		};
		711B04962B5B4839004BFD22 /* Resources */ = {
			isa = PBXResourcesBuildPhase;
			buildActionMask = 2147483647;
			files = (
				711B04A82B5B483A004BFD22 /* Assets.xcassets in Resources */,
			);
			runOnlyForDeploymentPostprocessing = 0;
		};
/* End PBXResourcesBuildPhase section */

/* Begin PBXSourcesBuildPhase section */
		711B047F2B5B43FD004BFD22 /* Sources */ = {
			isa = PBXSourcesBuildPhase;
			buildActionMask = 2147483647;
			files = (
				711B04892B5B43FD004BFD22 /* ContentView.swift in Sources */,
				711B04B22B5B6418004BFD22 /* Calendar.swift in Sources */,
				711B04872B5B43FD004BFD22 /* Dots_365App.swift in Sources */,
			);
			runOnlyForDeploymentPostprocessing = 0;
		};
		711B04942B5B4839004BFD22 /* Sources */ = {
			isa = PBXSourcesBuildPhase;
			buildActionMask = 2147483647;
			files = (
				711B04A02B5B4839004BFD22 /* Dots_365_WidgetBundle.swift in Sources */,
				711B04A62B5B4839004BFD22 /* AppIntent.swift in Sources */,
				711B04A42B5B4839004BFD22 /* Dots_365_Widget.swift in Sources */,
				711B04B32B5B6418004BFD22 /* Calendar.swift in Sources */,
			);
			runOnlyForDeploymentPostprocessing = 0;
		};
/* End PBXSourcesBuildPhase section */

/* Begin PBXTargetDependency section */
		711B04AB2B5B483A004BFD22 /* PBXTargetDependency */ = {
			isa = PBXTargetDependency;
			target = 711B04972B5B4839004BFD22 /* Dots 365 WidgetExtension */;
			targetProxy = 711B04AA2B5B483A004BFD22 /* PBXContainerItemProxy */;
		};
/* End PBXTargetDependency section */

/* Begin XCBuildConfiguration section */
		711B048F2B5B43FE004BFD22 /* Debug */ = {
			isa = XCBuildConfiguration;
			buildSettings = {
				ALWAYS_SEARCH_USER_PATHS = NO;
				ASSETCATALOG_COMPILER_GENERATE_SWIFT_ASSET_SYMBOL_EXTENSIONS = YES;
				CLANG_ANALYZER_NONNULL = YES;
				CLANG_ANALYZER_NUMBER_OBJECT_CONVERSION = YES_AGGRESSIVE;
				CLANG_CXX_LANGUAGE_STANDARD = "gnu++20";
				CLANG_ENABLE_MODULES = YES;
				CLANG_ENABLE_OBJC_ARC = YES;
				CLANG_ENABLE_OBJC_WEAK = YES;
				CLANG_WARN_BLOCK_CAPTURE_AUTORELEASING = YES;
				CLANG_WARN_BOOL_CONVERSION = YES;
				CLANG_WARN_COMMA = YES;
				CLANG_WARN_CONSTANT_CONVERSION = YES;
				CLANG_WARN_DEPRECATED_OBJC_IMPLEMENTATIONS = YES;
				CLANG_WARN_DIRECT_OBJC_ISA_USAGE = YES_ERROR;
				CLANG_WARN_DOCUMENTATION_COMMENTS = YES;
				CLANG_WARN_EMPTY_BODY = YES;
				CLANG_WARN_ENUM_CONVERSION = YES;
				CLANG_WARN_INFINITE_RECURSION = YES;
				CLANG_WARN_INT_CONVERSION = YES;
				CLANG_WARN_NON_LITERAL_NULL_CONVERSION = YES;
				CLANG_WARN_OBJC_IMPLICIT_RETAIN_SELF = YES;
				CLANG_WARN_OBJC_LITERAL_CONVERSION = YES;
				CLANG_WARN_OBJC_ROOT_CLASS = YES_ERROR;
				CLANG_WARN_QUOTED_INCLUDE_IN_FRAMEWORK_HEADER = YES;
				CLANG_WARN_RANGE_LOOP_ANALYSIS = YES;
				CLANG_WARN_STRICT_PROTOTYPES = YES;
				CLANG_WARN_SUSPICIOUS_MOVE = YES;
				CLANG_WARN_UNGUARDED_AVAILABILITY = YES_AGGRESSIVE;
				CLANG_WARN_UNREACHABLE_CODE = YES;
				CLANG_WARN__DUPLICATE_METHOD_MATCH = YES;
				COPY_PHASE_STRIP = NO;
				DEBUG_INFORMATION_FORMAT = dwarf;
				ENABLE_STRICT_OBJC_MSGSEND = YES;
				ENABLE_TESTABILITY = YES;
				ENABLE_USER_SCRIPT_SANDBOXING = YES;
				GCC_C_LANGUAGE_STANDARD = gnu17;
				GCC_DYNAMIC_NO_PIC = NO;
				GCC_NO_COMMON_BLOCKS = YES;
				GCC_OPTIMIZATION_LEVEL = 0;
				GCC_PREPROCESSOR_DEFINITIONS = (
					"DEBUG=1",
					"$(inherited)",
				);
				GCC_WARN_64_TO_32_BIT_CONVERSION = YES;
				GCC_WARN_ABOUT_RETURN_TYPE = YES_ERROR;
				GCC_WARN_UNDECLARED_SELECTOR = YES;
				GCC_WARN_UNINITIALIZED_AUTOS = YES_AGGRESSIVE;
				GCC_WARN_UNUSED_FUNCTION = YES;
				GCC_WARN_UNUSED_VARIABLE = YES;
				IPHONEOS_DEPLOYMENT_TARGET = 17.0;
				LOCALIZATION_PREFERS_STRING_CATALOGS = YES;
				MTL_ENABLE_DEBUG_INFO = INCLUDE_SOURCE;
				MTL_FAST_MATH = YES;
				ONLY_ACTIVE_ARCH = YES;
				SDKROOT = iphoneos;
				SWIFT_ACTIVE_COMPILATION_CONDITIONS = "DEBUG $(inherited)";
				SWIFT_OPTIMIZATION_LEVEL = "-Onone";
			};
			name = Debug;
		};
		711B04902B5B43FE004BFD22 /* Release */ = {
			isa = XCBuildConfiguration;
			buildSettings = {
				ALWAYS_SEARCH_USER_PATHS = NO;
				ASSETCATALOG_COMPILER_GENERATE_SWIFT_ASSET_SYMBOL_EXTENSIONS = YES;
				CLANG_ANALYZER_NONNULL = YES;
				CLANG_ANALYZER_NUMBER_OBJECT_CONVERSION = YES_AGGRESSIVE;
				CLANG_CXX_LANGUAGE_STANDARD = "gnu++20";
				CLANG_ENABLE_MODULES = YES;
				CLANG_ENABLE_OBJC_ARC = YES;
				CLANG_ENABLE_OBJC_WEAK = YES;
				CLANG_WARN_BLOCK_CAPTURE_AUTORELEASING = YES;
				CLANG_WARN_BOOL_CONVERSION = YES;
				CLANG_WARN_COMMA = YES;
				CLANG_WARN_CONSTANT_CONVERSION = YES;
				CLANG_WARN_DEPRECATED_OBJC_IMPLEMENTATIONS = YES;
				CLANG_WARN_DIRECT_OBJC_ISA_USAGE = YES_ERROR;
				CLANG_WARN_DOCUMENTATION_COMMENTS = YES;
				CLANG_WARN_EMPTY_BODY = YES;
				CLANG_WARN_ENUM_CONVERSION = YES;
				CLANG_WARN_INFINITE_RECURSION = YES;
				CLANG_WARN_INT_CONVERSION = YES;
				CLANG_WARN_NON_LITERAL_NULL_CONVERSION = YES;
				CLANG_WARN_OBJC_IMPLICIT_RETAIN_SELF = YES;
				CLANG_WARN_OBJC_LITERAL_CONVERSION = YES;
				CLANG_WARN_OBJC_ROOT_CLASS = YES_ERROR;
				CLANG_WARN_QUOTED_INCLUDE_IN_FRAMEWORK_HEADER = YES;
				CLANG_WARN_RANGE_LOOP_ANALYSIS = YES;
				CLANG_WARN_STRICT_PROTOTYPES = YES;
				CLANG_WARN_SUSPICIOUS_MOVE = YES;
				CLANG_WARN_UNGUARDED_AVAILABILITY = YES_AGGRESSIVE;
				CLANG_WARN_UNREACHABLE_CODE = YES;
				CLANG_WARN__DUPLICATE_METHOD_MATCH = YES;
				COPY_PHASE_STRIP = NO;
				DEBUG_INFORMATION_FORMAT = "dwarf-with-dsym";
				ENABLE_NS_ASSERTIONS = NO;
				ENABLE_STRICT_OBJC_MSGSEND = YES;
				ENABLE_USER_SCRIPT_SANDBOXING = YES;
				GCC_C_LANGUAGE_STANDARD = gnu17;
				GCC_NO_COMMON_BLOCKS = YES;
				GCC_WARN_64_TO_32_BIT_CONVERSION = YES;
				GCC_WARN_ABOUT_RETURN_TYPE = YES_ERROR;
				GCC_WARN_UNDECLARED_SELECTOR = YES;
				GCC_WARN_UNINITIALIZED_AUTOS = YES_AGGRESSIVE;
				GCC_WARN_UNUSED_FUNCTION = YES;
				GCC_WARN_UNUSED_VARIABLE = YES;
				IPHONEOS_DEPLOYMENT_TARGET = 17.0;
				LOCALIZATION_PREFERS_STRING_CATALOGS = YES;
				MTL_ENABLE_DEBUG_INFO = NO;
				MTL_FAST_MATH = YES;
				SDKROOT = iphoneos;
				SWIFT_COMPILATION_MODE = wholemodule;
				VALIDATE_PRODUCT = YES;
			};
			name = Release;
		};
		711B04922B5B43FE004BFD22 /* Debug */ = {
			isa = XCBuildConfiguration;
			buildSettings = {
				ALWAYS_EMBED_SWIFT_STANDARD_LIBRARIES = YES;
				ASSETCATALOG_COMPILER_APPICON_NAME = AppIcon;
				ASSETCATALOG_COMPILER_GLOBAL_ACCENT_COLOR_NAME = AccentColor;
				CODE_SIGN_STYLE = Automatic;
				CURRENT_PROJECT_VERSION = 1;
				DEVELOPMENT_ASSET_PATHS = "\"Dots 365/Preview Content\"";
				DEVELOPMENT_TEAM = MGAF98TG33;
				ENABLE_PREVIEWS = YES;
				GENERATE_INFOPLIST_FILE = YES;
				INFOPLIST_KEY_CFBundleDisplayName = "365 Dots";
				INFOPLIST_KEY_LSApplicationCategoryType = "public.app-category.utilities";
				INFOPLIST_KEY_UIApplicationSceneManifest_Generation = YES;
				INFOPLIST_KEY_UIApplicationSupportsIndirectInputEvents = YES;
				INFOPLIST_KEY_UILaunchScreen_Generation = YES;
				INFOPLIST_KEY_UISupportedInterfaceOrientations_iPad = "UIInterfaceOrientationPortrait UIInterfaceOrientationPortraitUpsideDown UIInterfaceOrientationLandscapeLeft UIInterfaceOrientationLandscapeRight";
				INFOPLIST_KEY_UISupportedInterfaceOrientations_iPhone = "UIInterfaceOrientationPortrait UIInterfaceOrientationLandscapeLeft UIInterfaceOrientationLandscapeRight";
				IPHONEOS_DEPLOYMENT_TARGET = 17.0;
				LD_RUNPATH_SEARCH_PATHS = (
					"$(inherited)",
					"@executable_path/Frameworks",
				);
				MARKETING_VERSION = 1.0;
				PRODUCT_BUNDLE_IDENTIFIER = "com.rayps.365-dots";
				PRODUCT_NAME = "$(TARGET_NAME)";
				SWIFT_EMIT_LOC_STRINGS = YES;
				SWIFT_VERSION = 5.0;
				TARGETED_DEVICE_FAMILY = "1,2";
			};
			name = Debug;
		};
		711B04932B5B43FE004BFD22 /* Release */ = {
			isa = XCBuildConfiguration;
			buildSettings = {
				ALWAYS_EMBED_SWIFT_STANDARD_LIBRARIES = YES;
				ASSETCATALOG_COMPILER_APPICON_NAME = AppIcon;
				ASSETCATALOG_COMPILER_GLOBAL_ACCENT_COLOR_NAME = AccentColor;
				CODE_SIGN_STYLE = Automatic;
				CURRENT_PROJECT_VERSION = 1;
				DEVELOPMENT_ASSET_PATHS = "\"Dots 365/Preview Content\"";
				DEVELOPMENT_TEAM = MGAF98TG33;
				ENABLE_PREVIEWS = YES;
				GENERATE_INFOPLIST_FILE = YES;
				INFOPLIST_KEY_CFBundleDisplayName = "365 Dots";
				INFOPLIST_KEY_LSApplicationCategoryType = "public.app-category.utilities";
				INFOPLIST_KEY_UIApplicationSceneManifest_Generation = YES;
				INFOPLIST_KEY_UIApplicationSupportsIndirectInputEvents = YES;
				INFOPLIST_KEY_UILaunchScreen_Generation = YES;
				INFOPLIST_KEY_UISupportedInterfaceOrientations_iPad = "UIInterfaceOrientationPortrait UIInterfaceOrientationPortraitUpsideDown UIInterfaceOrientationLandscapeLeft UIInterfaceOrientationLandscapeRight";
				INFOPLIST_KEY_UISupportedInterfaceOrientations_iPhone = "UIInterfaceOrientationPortrait UIInterfaceOrientationLandscapeLeft UIInterfaceOrientationLandscapeRight";
				IPHONEOS_DEPLOYMENT_TARGET = 17.0;
				LD_RUNPATH_SEARCH_PATHS = (
					"$(inherited)",
					"@executable_path/Frameworks",
				);
				MARKETING_VERSION = 1.0;
				PRODUCT_BUNDLE_IDENTIFIER = "com.rayps.365-dots";
				PRODUCT_NAME = "$(TARGET_NAME)";
				SWIFT_EMIT_LOC_STRINGS = YES;
				SWIFT_VERSION = 5.0;
				TARGETED_DEVICE_FAMILY = "1,2";
			};
			name = Release;
		};
		711B04AE2B5B483B004BFD22 /* Debug */ = {
			isa = XCBuildConfiguration;
			buildSettings = {
				ASSETCATALOG_COMPILER_GLOBAL_ACCENT_COLOR_NAME = AccentColor;
				ASSETCATALOG_COMPILER_WIDGET_BACKGROUND_COLOR_NAME = WidgetBackground;
				CODE_SIGN_STYLE = Automatic;
				CURRENT_PROJECT_VERSION = 1;
				DEVELOPMENT_TEAM = MGAF98TG33;
				GENERATE_INFOPLIST_FILE = YES;
				INFOPLIST_FILE = "Dots 365 Widget/Info.plist";
				INFOPLIST_KEY_CFBundleDisplayName = "Dots 365 Widget";
				INFOPLIST_KEY_NSHumanReadableCopyright = "";
				IPHONEOS_DEPLOYMENT_TARGET = 17.0;
				LD_RUNPATH_SEARCH_PATHS = (
					"$(inherited)",
					"@executable_path/Frameworks",
					"@executable_path/../../Frameworks",
				);
				MARKETING_VERSION = 1.0;
				PRODUCT_BUNDLE_IDENTIFIER = "com.rayps.365-dots.Dots-365-Widget";
				PRODUCT_NAME = "$(TARGET_NAME)";
				SKIP_INSTALL = YES;
				SWIFT_EMIT_LOC_STRINGS = YES;
				SWIFT_VERSION = 5.0;
				TARGETED_DEVICE_FAMILY = "1,2";
			};
			name = Debug;
		};
		711B04AF2B5B483B004BFD22 /* Release */ = {
			isa = XCBuildConfiguration;
			buildSettings = {
				ASSETCATALOG_COMPILER_GLOBAL_ACCENT_COLOR_NAME = AccentColor;
				ASSETCATALOG_COMPILER_WIDGET_BACKGROUND_COLOR_NAME = WidgetBackground;
				CODE_SIGN_STYLE = Automatic;
				CURRENT_PROJECT_VERSION = 1;
				DEVELOPMENT_TEAM = MGAF98TG33;
				GENERATE_INFOPLIST_FILE = YES;
				INFOPLIST_FILE = "Dots 365 Widget/Info.plist";
				INFOPLIST_KEY_CFBundleDisplayName = "Dots 365 Widget";
				INFOPLIST_KEY_NSHumanReadableCopyright = "";
				IPHONEOS_DEPLOYMENT_TARGET = 17.0;
				LD_RUNPATH_SEARCH_PATHS = (
					"$(inherited)",
					"@executable_path/Frameworks",
					"@executable_path/../../Frameworks",
				);
				MARKETING_VERSION = 1.0;
				PRODUCT_BUNDLE_IDENTIFIER = "com.rayps.365-dots.Dots-365-Widget";
				PRODUCT_NAME = "$(TARGET_NAME)";
				SKIP_INSTALL = YES;
				SWIFT_EMIT_LOC_STRINGS = YES;
				SWIFT_VERSION = 5.0;
				TARGETED_DEVICE_FAMILY = "1,2";
			};
			name = Release;
		};
/* End XCBuildConfiguration section */

/* Begin XCConfigurationList section */
		711B047E2B5B43FD004BFD22 /* Build configuration list for PBXProject "Dots 365" */ = {
			isa = XCConfigurationList;
			buildConfigurations = (
				711B048F2B5B43FE004BFD22 /* Debug */,
				711B04902B5B43FE004BFD22 /* Release */,
			);
			defaultConfigurationIsVisible = 0;
			defaultConfigurationName = Release;
		};
		711B04912B5B43FE004BFD22 /* Build configuration list for PBXNativeTarget "Dots 365" */ = {
			isa = XCConfigurationList;
			buildConfigurations = (
				711B04922B5B43FE004BFD22 /* Debug */,
				711B04932B5B43FE004BFD22 /* Release */,
			);
			defaultConfigurationIsVisible = 0;
			defaultConfigurationName = Release;
		};
		711B04AD2B5B483B004BFD22 /* Build configuration list for PBXNativeTarget "Dots 365 WidgetExtension" */ = {
			isa = XCConfigurationList;
			buildConfigurations = (
				711B04AE2B5B483B004BFD22 /* Debug */,
				711B04AF2B5B483B004BFD22 /* Release */,
			);
			defaultConfigurationIsVisible = 0;
			defaultConfigurationName = Release;
		};
/* End XCConfigurationList section */
	};
	rootObject = 711B047B2B5B43FD004BFD22 /* Project object */;
}
