// !$*UTF8*$!
{
	archiveVersion = 1;
	classes = {
	};
	objectVersion = 50;
	objects = {

/* Begin PBXBuildFile section */
		710763CC207D52AD001D0A75 /* AppDelegate.swift in Sources */ = {isa = PBXBuildFile; fileRef = 710763CB207D52AD001D0A75 /* AppDelegate.swift */; };
		710763CE207D52AD001D0A75 /* ViewController.swift in Sources */ = {isa = PBXBuildFile; fileRef = 710763CD207D52AD001D0A75 /* ViewController.swift */; };
		710763D1207D52AD001D0A75 /* Main.storyboard in Resources */ = {isa = PBXBuildFile; fileRef = 710763CF207D52AD001D0A75 /* Main.storyboard */; };
		710763D3207D52AF001D0A75 /* Assets.xcassets in Resources */ = {isa = PBXBuildFile; fileRef = 710763D2207D52AF001D0A75 /* Assets.xcassets */; };
		710763D6207D52AF001D0A75 /* LaunchScreen.storyboard in Resources */ = {isa = PBXBuildFile; fileRef = 710763D4207D52AF001D0A75 /* LaunchScreen.storyboard */; };
		710763E4207D53F4001D0A75 /* NotificationCenter.framework in Frameworks */ = {isa = PBXBuildFile; fileRef = 710763E3207D53F4001D0A75 /* NotificationCenter.framework */; };
		710763E7207D53F4001D0A75 /* TodayViewController.swift in Sources */ = {isa = PBXBuildFile; fileRef = 710763E6207D53F4001D0A75 /* TodayViewController.swift */; };
		710763EA207D53F4001D0A75 /* MainInterface.storyboard in Resources */ = {isa = PBXBuildFile; fileRef = 710763E8207D53F4001D0A75 /* MainInterface.storyboard */; };
		710763EE207D53F4001D0A75 /* 365 Dots Extension.appex in Embed App Extensions */ = {isa = PBXBuildFile; fileRef = 710763E1207D53F4001D0A75 /* 365 Dots Extension.appex */; settings = {ATTRIBUTES = (RemoveHeadersOnCopy, ); }; };
/* End PBXBuildFile section */

/* Begin PBXContainerItemProxy section */
		710763EC207D53F4001D0A75 /* PBXContainerItemProxy */ = {
			isa = PBXContainerItemProxy;
			containerPortal = 710763C0207D52AD001D0A75 /* Project object */;
			proxyType = 1;
			remoteGlobalIDString = 710763E0207D53F4001D0A75;
			remoteInfo = "365 Dots Extension";
		};
/* End PBXContainerItemProxy section */

/* Begin PBXCopyFilesBuildPhase section */
		710763F2207D53F4001D0A75 /* Embed App Extensions */ = {
			isa = PBXCopyFilesBuildPhase;
			buildActionMask = 2147483647;
			dstPath = "";
			dstSubfolderSpec = 13;
			files = (
				710763EE207D53F4001D0A75 /* 365 Dots Extension.appex in Embed App Extensions */,
			);
			name = "Embed App Extensions";
			runOnlyForDeploymentPostprocessing = 0;
		};
/* End PBXCopyFilesBuildPhase section */

/* Begin PBXFileReference section */
		710763C8207D52AD001D0A75 /* 365 Dots.app */ = {isa = PBXFileReference; explicitFileType = wrapper.application; includeInIndex = 0; path = "365 Dots.app"; sourceTree = BUILT_PRODUCTS_DIR; };
		710763CB207D52AD001D0A75 /* AppDelegate.swift */ = {isa = PBXFileReference; lastKnownFileType = sourcecode.swift; path = AppDelegate.swift; sourceTree = "<group>"; };
		710763CD207D52AD001D0A75 /* ViewController.swift */ = {isa = PBXFileReference; lastKnownFileType = sourcecode.swift; path = ViewController.swift; sourceTree = "<group>"; };
		710763D0207D52AD001D0A75 /* Base */ = {isa = PBXFileReference; lastKnownFileType = file.storyboard; name = Base; path = Base.lproj/Main.storyboard; sourceTree = "<group>"; };
		710763D2207D52AF001D0A75 /* Assets.xcassets */ = {isa = PBXFileReference; lastKnownFileType = folder.assetcatalog; path = Assets.xcassets; sourceTree = "<group>"; };
		710763D5207D52AF001D0A75 /* Base */ = {isa = PBXFileReference; lastKnownFileType = file.storyboard; name = Base; path = Base.lproj/LaunchScreen.storyboard; sourceTree = "<group>"; };
		710763D7207D52AF001D0A75 /* Info.plist */ = {isa = PBXFileReference; lastKnownFileType = text.plist.xml; path = Info.plist; sourceTree = "<group>"; };
		710763E1207D53F4001D0A75 /* 365 Dots Extension.appex */ = {isa = PBXFileReference; explicitFileType = "wrapper.app-extension"; includeInIndex = 0; path = "365 Dots Extension.appex"; sourceTree = BUILT_PRODUCTS_DIR; };
		710763E3207D53F4001D0A75 /* NotificationCenter.framework */ = {isa = PBXFileReference; lastKnownFileType = wrapper.framework; name = NotificationCenter.framework; path = System/Library/Frameworks/NotificationCenter.framework; sourceTree = SDKROOT; };
		710763E6207D53F4001D0A75 /* TodayViewController.swift */ = {isa = PBXFileReference; lastKnownFileType = sourcecode.swift; path = TodayViewController.swift; sourceTree = "<group>"; };
		710763E9207D53F4001D0A75 /* Base */ = {isa = PBXFileReference; lastKnownFileType = file.storyboard; name = Base; path = Base.lproj/MainInterface.storyboard; sourceTree = "<group>"; };
		710763EB207D53F4001D0A75 /* Info.plist */ = {isa = PBXFileReference; lastKnownFileType = text.plist.xml; path = Info.plist; sourceTree = "<group>"; };
/* End PBXFileReference section */

/* Begin PBXFrameworksBuildPhase section */
		710763C5207D52AD001D0A75 /* Frameworks */ = {
			isa = PBXFrameworksBuildPhase;
			buildActionMask = 2147483647;
			files = (
			);
			runOnlyForDeploymentPostprocessing = 0;
		};
		710763DE207D53F4001D0A75 /* Frameworks */ = {
			isa = PBXFrameworksBuildPhase;
			buildActionMask = 2147483647;
			files = (
				710763E4207D53F4001D0A75 /* NotificationCenter.framework in Frameworks */,
			);
			runOnlyForDeploymentPostprocessing = 0;
		};
/* End PBXFrameworksBuildPhase section */

/* Begin PBXGroup section */
		710763BF207D52AD001D0A75 = {
			isa = PBXGroup;
			children = (
				710763CA207D52AD001D0A75 /* 365 Dots */,
				710763E5207D53F4001D0A75 /* 365 Dots Extension */,
				710763E2207D53F4001D0A75 /* Frameworks */,
				710763C9207D52AD001D0A75 /* Products */,
			);
			sourceTree = "<group>";
		};
		710763C9207D52AD001D0A75 /* Products */ = {
			isa = PBXGroup;
			children = (
				710763C8207D52AD001D0A75 /* 365 Dots.app */,
				710763E1207D53F4001D0A75 /* 365 Dots Extension.appex */,
			);
			name = Products;
			sourceTree = "<group>";
		};
		710763CA207D52AD001D0A75 /* 365 Dots */ = {
			isa = PBXGroup;
			children = (
				710763CB207D52AD001D0A75 /* AppDelegate.swift */,
				710763CD207D52AD001D0A75 /* ViewController.swift */,
				710763CF207D52AD001D0A75 /* Main.storyboard */,
				710763D2207D52AF001D0A75 /* Assets.xcassets */,
				710763D4207D52AF001D0A75 /* LaunchScreen.storyboard */,
				710763D7207D52AF001D0A75 /* Info.plist */,
			);
			path = "365 Dots";
			sourceTree = "<group>";
		};
		710763E2207D53F4001D0A75 /* Frameworks */ = {
			isa = PBXGroup;
			children = (
				710763E3207D53F4001D0A75 /* NotificationCenter.framework */,
			);
			name = Frameworks;
			sourceTree = "<group>";
		};
		710763E5207D53F4001D0A75 /* 365 Dots Extension */ = {
			isa = PBXGroup;
			children = (
				710763E6207D53F4001D0A75 /* TodayViewController.swift */,
				710763E8207D53F4001D0A75 /* MainInterface.storyboard */,
				710763EB207D53F4001D0A75 /* Info.plist */,
			);
			path = "365 Dots Extension";
			sourceTree = "<group>";
		};
/* End PBXGroup section */

/* Begin PBXNativeTarget section */
		710763C7207D52AD001D0A75 /* 365 Dots */ = {
			isa = PBXNativeTarget;
			buildConfigurationList = 710763DA207D52AF001D0A75 /* Build configuration list for PBXNativeTarget "365 Dots" */;
			buildPhases = (
				710763C4207D52AD001D0A75 /* Sources */,
				710763C5207D52AD001D0A75 /* Frameworks */,
				710763C6207D52AD001D0A75 /* Resources */,
				710763F2207D53F4001D0A75 /* Embed App Extensions */,
			);
			buildRules = (
			);
			dependencies = (
				710763ED207D53F4001D0A75 /* PBXTargetDependency */,
			);
			name = "365 Dots";
			productName = "365 Dots";
			productReference = 710763C8207D52AD001D0A75 /* 365 Dots.app */;
			productType = "com.apple.product-type.application";
		};
		710763E0207D53F4001D0A75 /* 365 Dots Extension */ = {
			isa = PBXNativeTarget;
			buildConfigurationList = 710763EF207D53F4001D0A75 /* Build configuration list for PBXNativeTarget "365 Dots Extension" */;
			buildPhases = (
				710763DD207D53F4001D0A75 /* Sources */,
				710763DE207D53F4001D0A75 /* Frameworks */,
				710763DF207D53F4001D0A75 /* Resources */,
			);
			buildRules = (
			);
			dependencies = (
			);
			name = "365 Dots Extension";
			productName = "365 Dots Extension";
			productReference = 710763E1207D53F4001D0A75 /* 365 Dots Extension.appex */;
			productType = "com.apple.product-type.app-extension";
		};
/* End PBXNativeTarget section */

/* Begin PBXProject section */
		710763C0207D52AD001D0A75 /* Project object */ = {
			isa = PBXProject;
			attributes = {
				LastSwiftUpdateCheck = 0930;
				LastUpgradeCheck = 0930;
				ORGANIZATIONNAME = Ray;
				TargetAttributes = {
					710763C7207D52AD001D0A75 = {
						CreatedOnToolsVersion = 9.3;
					};
					710763E0207D53F4001D0A75 = {
						CreatedOnToolsVersion = 9.3;
					};
				};
			};
			buildConfigurationList = 710763C3207D52AD001D0A75 /* Build configuration list for PBXProject "365 Dots" */;
			compatibilityVersion = "Xcode 9.3";
			developmentRegion = en;
			hasScannedForEncodings = 0;
			knownRegions = (
				en,
				Base,
			);
			mainGroup = 710763BF207D52AD001D0A75;
			productRefGroup = 710763C9207D52AD001D0A75 /* Products */;
			projectDirPath = "";
			projectRoot = "";
			targets = (
				710763C7207D52AD001D0A75 /* 365 Dots */,
				710763E0207D53F4001D0A75 /* 365 Dots Extension */,
			);
		};
/* End PBXProject section */

/* Begin PBXResourcesBuildPhase section */
		710763C6207D52AD001D0A75 /* Resources */ = {
			isa = PBXResourcesBuildPhase;
			buildActionMask = 2147483647;
			files = (
				710763D6207D52AF001D0A75 /* LaunchScreen.storyboard in Resources */,
				710763D3207D52AF001D0A75 /* Assets.xcassets in Resources */,
				710763D1207D52AD001D0A75 /* Main.storyboard in Resources */,
			);
			runOnlyForDeploymentPostprocessing = 0;
		};
		710763DF207D53F4001D0A75 /* Resources */ = {
			isa = PBXResourcesBuildPhase;
			buildActionMask = 2147483647;
			files = (
				710763EA207D53F4001D0A75 /* MainInterface.storyboard in Resources */,
			);
			runOnlyForDeploymentPostprocessing = 0;
		};
/* End PBXResourcesBuildPhase section */

/* Begin PBXSourcesBuildPhase section */
		710763C4207D52AD001D0A75 /* Sources */ = {
			isa = PBXSourcesBuildPhase;
			buildActionMask = 2147483647;
			files = (
				710763CE207D52AD001D0A75 /* ViewController.swift in Sources */,
				710763CC207D52AD001D0A75 /* AppDelegate.swift in Sources */,
			);
			runOnlyForDeploymentPostprocessing = 0;
		};
		710763DD207D53F4001D0A75 /* Sources */ = {
			isa = PBXSourcesBuildPhase;
			buildActionMask = 2147483647;
			files = (
				710763E7207D53F4001D0A75 /* TodayViewController.swift in Sources */,
			);
			runOnlyForDeploymentPostprocessing = 0;
		};
/* End PBXSourcesBuildPhase section */

/* Begin PBXTargetDependency section */
		710763ED207D53F4001D0A75 /* PBXTargetDependency */ = {
			isa = PBXTargetDependency;
			target = 710763E0207D53F4001D0A75 /* 365 Dots Extension */;
			targetProxy = 710763EC207D53F4001D0A75 /* PBXContainerItemProxy */;
		};
/* End PBXTargetDependency section */

/* Begin PBXVariantGroup section */
		710763CF207D52AD001D0A75 /* Main.storyboard */ = {
			isa = PBXVariantGroup;
			children = (
				710763D0207D52AD001D0A75 /* Base */,
			);
			name = Main.storyboard;
			sourceTree = "<group>";
		};
		710763D4207D52AF001D0A75 /* LaunchScreen.storyboard */ = {
			isa = PBXVariantGroup;
			children = (
				710763D5207D52AF001D0A75 /* Base */,
			);
			name = LaunchScreen.storyboard;
			sourceTree = "<group>";
		};
		710763E8207D53F4001D0A75 /* MainInterface.storyboard */ = {
			isa = PBXVariantGroup;
			children = (
				710763E9207D53F4001D0A75 /* Base */,
			);
			name = MainInterface.storyboard;
			sourceTree = "<group>";
		};
/* End PBXVariantGroup section */

/* Begin XCBuildConfiguration section */
		710763D8207D52AF001D0A75 /* Debug */ = {
			isa = XCBuildConfiguration;
			buildSettings = {
				ALWAYS_SEARCH_USER_PATHS = NO;
				CLANG_ANALYZER_NONNULL = YES;
				CLANG_ANALYZER_NUMBER_OBJECT_CONVERSION = YES_AGGRESSIVE;
				CLANG_CXX_LANGUAGE_STANDARD = "gnu++14";
				CLANG_CXX_LIBRARY = "libc++";
				CLANG_ENABLE_MODULES = YES;
				CLANG_ENABLE_OBJC_ARC = YES;
				CLANG_ENABLE_OBJC_WEAK = YES;
				CLANG_WARN_BLOCK_CAPTURE_AUTORELEASING = YES;
				CLANG_WARN_BOOL_CONVERSION = YES;
				CLANG_WARN_COMMA = YES;
				CLANG_WARN_CONSTANT_CONVERSION = YES;
				CLANG_WARN_DEPRECATED_OBJC_IMPLEMENTATIONS = YES;
				CLANG_WARN_DIRECT_OBJC_ISA_USAGE = YES_ERROR;
				CLANG_WARN_DOCUMENTATION_COMMENTS = YES;
				CLANG_WARN_EMPTY_BODY = YES;
				CLANG_WARN_ENUM_CONVERSION = YES;
				CLANG_WARN_INFINITE_RECURSION = YES;
				CLANG_WARN_INT_CONVERSION = YES;
				CLANG_WARN_NON_LITERAL_NULL_CONVERSION = YES;
				CLANG_WARN_OBJC_IMPLICIT_RETAIN_SELF = YES;
				CLANG_WARN_OBJC_LITERAL_CONVERSION = YES;
				CLANG_WARN_OBJC_ROOT_CLASS = YES_ERROR;
				CLANG_WARN_RANGE_LOOP_ANALYSIS = YES;
				CLANG_WARN_STRICT_PROTOTYPES = YES;
				CLANG_WARN_SUSPICIOUS_MOVE = YES;
				CLANG_WARN_UNGUARDED_AVAILABILITY = YES_AGGRESSIVE;
				CLANG_WARN_UNREACHABLE_CODE = YES;
				CLANG_WARN__DUPLICATE_METHOD_MATCH = YES;
				CODE_SIGN_IDENTITY = "iPhone Developer";
				COPY_PHASE_STRIP = NO;
				DEBUG_INFORMATION_FORMAT = dwarf;
				ENABLE_STRICT_OBJC_MSGSEND = YES;
				ENABLE_TESTABILITY = YES;
				GCC_C_LANGUAGE_STANDARD = gnu11;
				GCC_DYNAMIC_NO_PIC = NO;
				GCC_NO_COMMON_BLOCKS = YES;
				GCC_OPTIMIZATION_LEVEL = 0;
				GCC_PREPROCESSOR_DEFINITIONS = (
					"DEBUG=1",
					"$(inherited)",
				);
				GCC_WARN_64_TO_32_BIT_CONVERSION = YES;
				GCC_WARN_ABOUT_RETURN_TYPE = YES_ERROR;
				GCC_WARN_UNDECLARED_SELECTOR = YES;
				GCC_WARN_UNINITIALIZED_AUTOS = YES_AGGRESSIVE;
				GCC_WARN_UNUSED_FUNCTION = YES;
				GCC_WARN_UNUSED_VARIABLE = YES;
				IPHONEOS_DEPLOYMENT_TARGET = 11.0;
				MTL_ENABLE_DEBUG_INFO = YES;
				ONLY_ACTIVE_ARCH = YES;
				SDKROOT = iphoneos;
				SWIFT_ACTIVE_COMPILATION_CONDITIONS = DEBUG;
				SWIFT_OPTIMIZATION_LEVEL = "-Onone";
			};
			name = Debug;
		};
		710763D9207D52AF001D0A75 /* Release */ = {
			isa = XCBuildConfiguration;
			buildSettings = {
				ALWAYS_SEARCH_USER_PATHS = NO;
				CLANG_ANALYZER_NONNULL = YES;
				CLANG_ANALYZER_NUMBER_OBJECT_CONVERSION = YES_AGGRESSIVE;
				CLANG_CXX_LANGUAGE_STANDARD = "gnu++14";
				CLANG_CXX_LIBRARY = "libc++";
				CLANG_ENABLE_MODULES = YES;
				CLANG_ENABLE_OBJC_ARC = YES;
				CLANG_ENABLE_OBJC_WEAK = YES;
				CLANG_WARN_BLOCK_CAPTURE_AUTORELEASING = YES;
				CLANG_WARN_BOOL_CONVERSION = YES;
				CLANG_WARN_COMMA = YES;
				CLANG_WARN_CONSTANT_CONVERSION = YES;
				CLANG_WARN_DEPRECATED_OBJC_IMPLEMENTATIONS = YES;
				CLANG_WARN_DIRECT_OBJC_ISA_USAGE = YES_ERROR;
				CLANG_WARN_DOCUMENTATION_COMMENTS = YES;
				CLANG_WARN_EMPTY_BODY = YES;
				CLANG_WARN_ENUM_CONVERSION = YES;
				CLANG_WARN_INFINITE_RECURSION = YES;
				CLANG_WARN_INT_CONVERSION = YES;
				CLANG_WARN_NON_LITERAL_NULL_CONVERSION = YES;
				CLANG_WARN_OBJC_IMPLICIT_RETAIN_SELF = YES;
				CLANG_WARN_OBJC_LITERAL_CONVERSION = YES;
				CLANG_WARN_OBJC_ROOT_CLASS = YES_ERROR;
				CLANG_WARN_RANGE_LOOP_ANALYSIS = YES;
				CLANG_WARN_STRICT_PROTOTYPES = YES;
				CLANG_WARN_SUSPICIOUS_MOVE = YES;
				CLANG_WARN_UNGUARDED_AVAILABILITY = YES_AGGRESSIVE;
				CLANG_WARN_UNREACHABLE_CODE = YES;
				CLANG_WARN__DUPLICATE_METHOD_MATCH = YES;
				CODE_SIGN_IDENTITY = "iPhone Developer";
				COPY_PHASE_STRIP = NO;
				DEBUG_INFORMATION_FORMAT = "dwarf-with-dsym";
				ENABLE_NS_ASSERTIONS = NO;
				ENABLE_STRICT_OBJC_MSGSEND = YES;
				GCC_C_LANGUAGE_STANDARD = gnu11;
				GCC_NO_COMMON_BLOCKS = YES;
				GCC_WARN_64_TO_32_BIT_CONVERSION = YES;
				GCC_WARN_ABOUT_RETURN_TYPE = YES_ERROR;
				GCC_WARN_UNDECLARED_SELECTOR = YES;
				GCC_WARN_UNINITIALIZED_AUTOS = YES_AGGRESSIVE;
				GCC_WARN_UNUSED_FUNCTION = YES;
				GCC_WARN_UNUSED_VARIABLE = YES;
				IPHONEOS_DEPLOYMENT_TARGET = 11.0;
				MTL_ENABLE_DEBUG_INFO = NO;
				SDKROOT = iphoneos;
				SWIFT_COMPILATION_MODE = wholemodule;
				SWIFT_OPTIMIZATION_LEVEL = "-O";
				VALIDATE_PRODUCT = YES;
			};
			name = Release;
		};
		710763DB207D52AF001D0A75 /* Debug */ = {
			isa = XCBuildConfiguration;
			buildSettings = {
				ALWAYS_EMBED_SWIFT_STANDARD_LIBRARIES = YES;
				ASSETCATALOG_COMPILER_APPICON_NAME = AppIcon;
				CODE_SIGN_STYLE = Automatic;
				DEVELOPMENT_TEAM = MGAF98TG33;
				INFOPLIST_FILE = "365 Dots/Info.plist";
				IPHONEOS_DEPLOYMENT_TARGET = 11.0;
				LD_RUNPATH_SEARCH_PATHS = (
					"$(inherited)",
					"@executable_path/Frameworks",
				);
				PRODUCT_BUNDLE_IDENTIFIER = "com.rayps.365-dots";
				PRODUCT_NAME = "$(TARGET_NAME)";
				SWIFT_VERSION = 4.0;
				TARGETED_DEVICE_FAMILY = 1;
			};
			name = Debug;
		};
		710763DC207D52AF001D0A75 /* Release */ = {
			isa = XCBuildConfiguration;
			buildSettings = {
				ALWAYS_EMBED_SWIFT_STANDARD_LIBRARIES = YES;
				ASSETCATALOG_COMPILER_APPICON_NAME = AppIcon;
				CODE_SIGN_STYLE = Automatic;
				DEVELOPMENT_TEAM = MGAF98TG33;
				INFOPLIST_FILE = "365 Dots/Info.plist";
				IPHONEOS_DEPLOYMENT_TARGET = 11.0;
				LD_RUNPATH_SEARCH_PATHS = (
					"$(inherited)",
					"@executable_path/Frameworks",
				);
				PRODUCT_BUNDLE_IDENTIFIER = "com.rayps.365-dots";
				PRODUCT_NAME = "$(TARGET_NAME)";
				SWIFT_VERSION = 4.0;
				TARGETED_DEVICE_FAMILY = 1;
			};
			name = Release;
		};
		710763F0207D53F4001D0A75 /* Debug */ = {
			isa = XCBuildConfiguration;
			buildSettings = {
				CODE_SIGN_STYLE = Automatic;
				DEVELOPMENT_TEAM = MGAF98TG33;
				INFOPLIST_FILE = "365 Dots Extension/Info.plist";
				LD_RUNPATH_SEARCH_PATHS = (
					"$(inherited)",
					"@executable_path/Frameworks",
					"@executable_path/../../Frameworks",
				);
				PRODUCT_BUNDLE_IDENTIFIER = "com.rayps.365-dots.today-extension";
				PRODUCT_NAME = "$(TARGET_NAME)";
				SKIP_INSTALL = YES;
				SWIFT_VERSION = 4.0;
				TARGETED_DEVICE_FAMILY = "1,2";
			};
			name = Debug;
		};
		710763F1207D53F4001D0A75 /* Release */ = {
			isa = XCBuildConfiguration;
			buildSettings = {
				CODE_SIGN_STYLE = Automatic;
				DEVELOPMENT_TEAM = MGAF98TG33;
				INFOPLIST_FILE = "365 Dots Extension/Info.plist";
				LD_RUNPATH_SEARCH_PATHS = (
					"$(inherited)",
					"@executable_path/Frameworks",
					"@executable_path/../../Frameworks",
				);
				PRODUCT_BUNDLE_IDENTIFIER = "com.rayps.365-dots.today-extension";
				PRODUCT_NAME = "$(TARGET_NAME)";
				SKIP_INSTALL = YES;
				SWIFT_VERSION = 4.0;
				TARGETED_DEVICE_FAMILY = "1,2";
			};
			name = Release;
		};
/* End XCBuildConfiguration section */

/* Begin XCConfigurationList section */
		710763C3207D52AD001D0A75 /* Build configuration list for PBXProject "365 Dots" */ = {
			isa = XCConfigurationList;
			buildConfigurations = (
				710763D8207D52AF001D0A75 /* Debug */,
				710763D9207D52AF001D0A75 /* Release */,
			);
			defaultConfigurationIsVisible = 0;
			defaultConfigurationName = Release;
		};
		710763DA207D52AF001D0A75 /* Build configuration list for PBXNativeTarget "365 Dots" */ = {
			isa = XCConfigurationList;
			buildConfigurations = (
				710763DB207D52AF001D0A75 /* Debug */,
				710763DC207D52AF001D0A75 /* Release */,
			);
			defaultConfigurationIsVisible = 0;
			defaultConfigurationName = Release;
		};
		710763EF207D53F4001D0A75 /* Build configuration list for PBXNativeTarget "365 Dots Extension" */ = {
			isa = XCConfigurationList;
			buildConfigurations = (
				710763F0207D53F4001D0A75 /* Debug */,
				710763F1207D53F4001D0A75 /* Release */,
			);
			defaultConfigurationIsVisible = 0;
			defaultConfigurationName = Release;
		};
/* End XCConfigurationList section */
	};
	rootObject = 710763C0207D52AD001D0A75 /* Project object */;
}
